// !$*UTF8*$!
{
	archiveVersion = 1;
	classes = {
	};
	objectVersion = 50;
	objects = {

/* Begin PBXBuildFile section */
		61ABC6D5226D50DE00E572BE /* AppDelegate.swift in Sources */ = {isa = PBXBuildFile; fileRef = 61ABC6D4226D50DE00E572BE /* AppDelegate.swift */; };
		61ABC6D7226D50DE00E572BE /* ViewController.swift in Sources */ = {isa = PBXBuildFile; fileRef = 61ABC6D6226D50DE00E572BE /* ViewController.swift */; };
		61ABC6DA226D50DE00E572BE /* Main.storyboard in Resources */ = {isa = PBXBuildFile; fileRef = 61ABC6D8226D50DE00E572BE /* Main.storyboard */; };
		61ABC6DC226D50E000E572BE /* Assets.xcassets in Resources */ = {isa = PBXBuildFile; fileRef = 61ABC6DB226D50E000E572BE /* Assets.xcassets */; };
		61ABC6DF226D50E000E572BE /* LaunchScreen.storyboard in Resources */ = {isa = PBXBuildFile; fileRef = 61ABC6DD226D50E000E572BE /* LaunchScreen.storyboard */; };
		61ABC6EA226D50E100E572BE /* UITestDemoUITests.swift in Sources */ = {isa = PBXBuildFile; fileRef = 61ABC6E9226D50E100E572BE /* UITestDemoUITests.swift */; };
		61ABC6F7226D556F00E572BE /* UIViewController+Ext.swift in Sources */ = {isa = PBXBuildFile; fileRef = 61ABC6F6226D556F00E572BE /* UIViewController+Ext.swift */; };
		61ABC6F9226D55C100E572BE /* Constant.swift in Sources */ = {isa = PBXBuildFile; fileRef = 61ABC6F8226D55C100E572BE /* Constant.swift */; };
		61ABC6FB226D58BE00E572BE /* SecondViewController.swift in Sources */ = {isa = PBXBuildFile; fileRef = 61ABC6FA226D58BE00E572BE /* SecondViewController.swift */; };
/* End PBXBuildFile section */

/* Begin PBXContainerItemProxy section */
		61ABC6E6226D50E100E572BE /* PBXContainerItemProxy */ = {
			isa = PBXContainerItemProxy;
			containerPortal = 61ABC6C9226D50DE00E572BE /* Project object */;
			proxyType = 1;
			remoteGlobalIDString = 61ABC6D0226D50DE00E572BE;
			remoteInfo = UITestDemo;
		};
/* End PBXContainerItemProxy section */

/* Begin PBXFileReference section */
		61ABC6D1226D50DE00E572BE /* UITestDemo.app */ = {isa = PBXFileReference; explicitFileType = wrapper.application; includeInIndex = 0; path = UITestDemo.app; sourceTree = BUILT_PRODUCTS_DIR; };
		61ABC6D4226D50DE00E572BE /* AppDelegate.swift */ = {isa = PBXFileReference; lastKnownFileType = sourcecode.swift; path = AppDelegate.swift; sourceTree = "<group>"; };
		61ABC6D6226D50DE00E572BE /* ViewController.swift */ = {isa = PBXFileReference; lastKnownFileType = sourcecode.swift; path = ViewController.swift; sourceTree = "<group>"; };
		61ABC6D9226D50DE00E572BE /* Base */ = {isa = PBXFileReference; lastKnownFileType = file.storyboard; name = Base; path = Base.lproj/Main.storyboard; sourceTree = "<group>"; };
		61ABC6DB226D50E000E572BE /* Assets.xcassets */ = {isa = PBXFileReference; lastKnownFileType = folder.assetcatalog; path = Assets.xcassets; sourceTree = "<group>"; };
		61ABC6DE226D50E000E572BE /* Base */ = {isa = PBXFileReference; lastKnownFileType = file.storyboard; name = Base; path = Base.lproj/LaunchScreen.storyboard; sourceTree = "<group>"; };
		61ABC6E0226D50E000E572BE /* Info.plist */ = {isa = PBXFileReference; lastKnownFileType = text.plist.xml; path = Info.plist; sourceTree = "<group>"; };
		61ABC6E5226D50E100E572BE /* UITestDemoUITests.xctest */ = {isa = PBXFileReference; explicitFileType = wrapper.cfbundle; includeInIndex = 0; path = UITestDemoUITests.xctest; sourceTree = BUILT_PRODUCTS_DIR; };
		61ABC6E9226D50E100E572BE /* UITestDemoUITests.swift */ = {isa = PBXFileReference; lastKnownFileType = sourcecode.swift; path = UITestDemoUITests.swift; sourceTree = "<group>"; };
		61ABC6EB226D50E100E572BE /* Info.plist */ = {isa = PBXFileReference; lastKnownFileType = text.plist.xml; path = Info.plist; sourceTree = "<group>"; };
		61ABC6F6226D556F00E572BE /* UIViewController+Ext.swift */ = {isa = PBXFileReference; lastKnownFileType = sourcecode.swift; path = "UIViewController+Ext.swift"; sourceTree = "<group>"; };
		61ABC6F8226D55C100E572BE /* Constant.swift */ = {isa = PBXFileReference; lastKnownFileType = sourcecode.swift; path = Constant.swift; sourceTree = "<group>"; };
		61ABC6FA226D58BE00E572BE /* SecondViewController.swift */ = {isa = PBXFileReference; lastKnownFileType = sourcecode.swift; path = SecondViewController.swift; sourceTree = "<group>"; };
/* End PBXFileReference section */

/* Begin PBXFrameworksBuildPhase section */
		61ABC6CE226D50DE00E572BE /* Frameworks */ = {
			isa = PBXFrameworksBuildPhase;
			buildActionMask = 2147483647;
			files = (
			);
			runOnlyForDeploymentPostprocessing = 0;
		};
		61ABC6E2226D50E100E572BE /* Frameworks */ = {
			isa = PBXFrameworksBuildPhase;
			buildActionMask = 2147483647;
			files = (
			);
			runOnlyForDeploymentPostprocessing = 0;
		};
/* End PBXFrameworksBuildPhase section */

/* Begin PBXGroup section */
		61ABC6C8226D50DE00E572BE = {
			isa = PBXGroup;
			children = (
				61ABC6D3226D50DE00E572BE /* UITestDemo */,
				61ABC6E8226D50E100E572BE /* UITestDemoUITests */,
				61ABC6D2226D50DE00E572BE /* Products */,
			);
			sourceTree = "<group>";
		};
		61ABC6D2226D50DE00E572BE /* Products */ = {
			isa = PBXGroup;
			children = (
				61ABC6D1226D50DE00E572BE /* UITestDemo.app */,
				61ABC6E5226D50E100E572BE /* UITestDemoUITests.xctest */,
			);
			name = Products;
			sourceTree = "<group>";
		};
		61ABC6D3226D50DE00E572BE /* UITestDemo */ = {
			isa = PBXGroup;
			children = (
				61ABC6D4226D50DE00E572BE /* AppDelegate.swift */,
				61ABC6D6226D50DE00E572BE /* ViewController.swift */,
				61ABC6F8226D55C100E572BE /* Constant.swift */,
				61ABC6FA226D58BE00E572BE /* SecondViewController.swift */,
				61ABC6F6226D556F00E572BE /* UIViewController+Ext.swift */,
				61ABC6D8226D50DE00E572BE /* Main.storyboard */,
				61ABC6DB226D50E000E572BE /* Assets.xcassets */,
				61ABC6DD226D50E000E572BE /* LaunchScreen.storyboard */,
				61ABC6E0226D50E000E572BE /* Info.plist */,
			);
			path = UITestDemo;
			sourceTree = "<group>";
		};
		61ABC6E8226D50E100E572BE /* UITestDemoUITests */ = {
			isa = PBXGroup;
			children = (
				61ABC6E9226D50E100E572BE /* UITestDemoUITests.swift */,
				61ABC6EB226D50E100E572BE /* Info.plist */,
			);
			path = UITestDemoUITests;
			sourceTree = "<group>";
		};
/* End PBXGroup section */

/* Begin PBXNativeTarget section */
		61ABC6D0226D50DE00E572BE /* UITestDemo */ = {
			isa = PBXNativeTarget;
			buildConfigurationList = 61ABC6EE226D50E100E572BE /* Build configuration list for PBXNativeTarget "UITestDemo" */;
			buildPhases = (
				61ABC6CD226D50DE00E572BE /* Sources */,
				61ABC6CE226D50DE00E572BE /* Frameworks */,
				61ABC6CF226D50DE00E572BE /* Resources */,
			);
			buildRules = (
			);
			dependencies = (
			);
			name = UITestDemo;
			productName = UITestDemo;
			productReference = 61ABC6D1226D50DE00E572BE /* UITestDemo.app */;
			productType = "com.apple.product-type.application";
		};
		61ABC6E4226D50E100E572BE /* UITestDemoUITests */ = {
			isa = PBXNativeTarget;
			buildConfigurationList = 61ABC6F1226D50E100E572BE /* Build configuration list for PBXNativeTarget "UITestDemoUITests" */;
			buildPhases = (
				61ABC6E1226D50E100E572BE /* Sources */,
				61ABC6E2226D50E100E572BE /* Frameworks */,
				61ABC6E3226D50E100E572BE /* Resources */,
			);
			buildRules = (
			);
			dependencies = (
				61ABC6E7226D50E100E572BE /* PBXTargetDependency */,
			);
			name = UITestDemoUITests;
			productName = UITestDemoUITests;
			productReference = 61ABC6E5226D50E100E572BE /* UITestDemoUITests.xctest */;
			productType = "com.apple.product-type.bundle.ui-testing";
		};
/* End PBXNativeTarget section */

/* Begin PBXProject section */
		61ABC6C9226D50DE00E572BE /* Project object */ = {
			isa = PBXProject;
			attributes = {
				LastSwiftUpdateCheck = 1010;
				LastUpgradeCheck = 1010;
				ORGANIZATIONNAME = can.khac.nguyen;
				TargetAttributes = {
					61ABC6D0226D50DE00E572BE = {
						CreatedOnToolsVersion = 10.1;
					};
					61ABC6E4226D50E100E572BE = {
						CreatedOnToolsVersion = 10.1;
						TestTargetID = 61ABC6D0226D50DE00E572BE;
					};
				};
			};
			buildConfigurationList = 61ABC6CC226D50DE00E572BE /* Build configuration list for PBXProject "UITestDemo" */;
			compatibilityVersion = "Xcode 9.3";
			developmentRegion = en;
			hasScannedForEncodings = 0;
			knownRegions = (
				en,
				Base,
			);
			mainGroup = 61ABC6C8226D50DE00E572BE;
			productRefGroup = 61ABC6D2226D50DE00E572BE /* Products */;
			projectDirPath = "";
			projectRoot = "";
			targets = (
				61ABC6D0226D50DE00E572BE /* UITestDemo */,
				61ABC6E4226D50E100E572BE /* UITestDemoUITests */,
			);
		};
/* End PBXProject section */

/* Begin PBXResourcesBuildPhase section */
		61ABC6CF226D50DE00E572BE /* Resources */ = {
			isa = PBXResourcesBuildPhase;
			buildActionMask = 2147483647;
			files = (
				61ABC6DF226D50E000E572BE /* LaunchScreen.storyboard in Resources */,
				61ABC6DC226D50E000E572BE /* Assets.xcassets in Resources */,
				61ABC6DA226D50DE00E572BE /* Main.storyboard in Resources */,
			);
			runOnlyForDeploymentPostprocessing = 0;
		};
		61ABC6E3226D50E100E572BE /* Resources */ = {
			isa = PBXResourcesBuildPhase;
			buildActionMask = 2147483647;
			files = (
			);
			runOnlyForDeploymentPostprocessing = 0;
		};
/* End PBXResourcesBuildPhase section */

/* Begin PBXSourcesBuildPhase section */
		61ABC6CD226D50DE00E572BE /* Sources */ = {
			isa = PBXSourcesBuildPhase;
			buildActionMask = 2147483647;
			files = (
				61ABC6D7226D50DE00E572BE /* ViewController.swift in Sources */,
				61ABC6D5226D50DE00E572BE /* AppDelegate.swift in Sources */,
				61ABC6F7226D556F00E572BE /* UIViewController+Ext.swift in Sources */,
				61ABC6FB226D58BE00E572BE /* SecondViewController.swift in Sources */,
				61ABC6F9226D55C100E572BE /* Constant.swift in Sources */,
			);
			runOnlyForDeploymentPostprocessing = 0;
		};
		61ABC6E1226D50E100E572BE /* Sources */ = {
			isa = PBXSourcesBuildPhase;
			buildActionMask = 2147483647;
			files = (
				61ABC6EA226D50E100E572BE /* UITestDemoUITests.swift in Sources */,
			);
			runOnlyForDeploymentPostprocessing = 0;
		};
/* End PBXSourcesBuildPhase section */

/* Begin PBXTargetDependency section */
		61ABC6E7226D50E100E572BE /* PBXTargetDependency */ = {
			isa = PBXTargetDependency;
			target = 61ABC6D0226D50DE00E572BE /* UITestDemo */;
			targetProxy = 61ABC6E6226D50E100E572BE /* PBXContainerItemProxy */;
		};
/* End PBXTargetDependency section */

/* Begin PBXVariantGroup section */
		61ABC6D8226D50DE00E572BE /* Main.storyboard */ = {
			isa = PBXVariantGroup;
			children = (
				61ABC6D9226D50DE00E572BE /* Base */,
			);
			name = Main.storyboard;
			sourceTree = "<group>";
		};
		61ABC6DD226D50E000E572BE /* LaunchScreen.storyboard */ = {
			isa = PBXVariantGroup;
			children = (
				61ABC6DE226D50E000E572BE /* Base */,
			);
			name = LaunchScreen.storyboard;
			sourceTree = "<group>";
		};
/* End PBXVariantGroup section */

/* Begin XCBuildConfiguration section */
		61ABC6EC226D50E100E572BE /* Debug */ = {
			isa = XCBuildConfiguration;
			buildSettings = {
				ALWAYS_SEARCH_USER_PATHS = NO;
				CLANG_ANALYZER_NONNULL = YES;
				CLANG_ANALYZER_NUMBER_OBJECT_CONVERSION = YES_AGGRESSIVE;
				CLANG_CXX_LANGUAGE_STANDARD = "gnu++14";
				CLANG_CXX_LIBRARY = "libc++";
				CLANG_ENABLE_MODULES = YES;
				CLANG_ENABLE_OBJC_ARC = YES;
				CLANG_ENABLE_OBJC_WEAK = YES;
				CLANG_WARN_BLOCK_CAPTURE_AUTORELEASING = YES;
				CLANG_WARN_BOOL_CONVERSION = YES;
				CLANG_WARN_COMMA = YES;
				CLANG_WARN_CONSTANT_CONVERSION = YES;
				CLANG_WARN_DEPRECATED_OBJC_IMPLEMENTATIONS = YES;
				CLANG_WARN_DIRECT_OBJC_ISA_USAGE = YES_ERROR;
				CLANG_WARN_DOCUMENTATION_COMMENTS = YES;
				CLANG_WARN_EMPTY_BODY = YES;
				CLANG_WARN_ENUM_CONVERSION = YES;
				CLANG_WARN_INFINITE_RECURSION = YES;
				CLANG_WARN_INT_CONVERSION = YES;
				CLANG_WARN_NON_LITERAL_NULL_CONVERSION = YES;
				CLANG_WARN_OBJC_IMPLICIT_RETAIN_SELF = YES;
				CLANG_WARN_OBJC_LITERAL_CONVERSION = YES;
				CLANG_WARN_OBJC_ROOT_CLASS = YES_ERROR;
				CLANG_WARN_RANGE_LOOP_ANALYSIS = YES;
				CLANG_WARN_STRICT_PROTOTYPES = YES;
				CLANG_WARN_SUSPICIOUS_MOVE = YES;
				CLANG_WARN_UNGUARDED_AVAILABILITY = YES_AGGRESSIVE;
				CLANG_WARN_UNREACHABLE_CODE = YES;
				CLANG_WARN__DUPLICATE_METHOD_MATCH = YES;
				CODE_SIGN_IDENTITY = "iPhone Developer";
				COPY_PHASE_STRIP = NO;
				DEBUG_INFORMATION_FORMAT = dwarf;
				ENABLE_STRICT_OBJC_MSGSEND = YES;
				ENABLE_TESTABILITY = YES;
				GCC_C_LANGUAGE_STANDARD = gnu11;
				GCC_DYNAMIC_NO_PIC = NO;
				GCC_NO_COMMON_BLOCKS = YES;
				GCC_OPTIMIZATION_LEVEL = 0;
				GCC_PREPROCESSOR_DEFINITIONS = (
					"DEBUG=1",
					"$(inherited)",
				);
				GCC_WARN_64_TO_32_BIT_CONVERSION = YES;
				GCC_WARN_ABOUT_RETURN_TYPE = YES_ERROR;
				GCC_WARN_UNDECLARED_SELECTOR = YES;
				GCC_WARN_UNINITIALIZED_AUTOS = YES_AGGRESSIVE;
				GCC_WARN_UNUSED_FUNCTION = YES;
				GCC_WARN_UNUSED_VARIABLE = YES;
				IPHONEOS_DEPLOYMENT_TARGET = 12.1;
				MTL_ENABLE_DEBUG_INFO = INCLUDE_SOURCE;
				MTL_FAST_MATH = YES;
				ONLY_ACTIVE_ARCH = YES;
				SDKROOT = iphoneos;
				SWIFT_ACTIVE_COMPILATION_CONDITIONS = DEBUG;
				SWIFT_OPTIMIZATION_LEVEL = "-Onone";
			};
			name = Debug;
		};
		61ABC6ED226D50E100E572BE /* Release */ = {
			isa = XCBuildConfiguration;
			buildSettings = {
				ALWAYS_SEARCH_USER_PATHS = NO;
				CLANG_ANALYZER_NONNULL = YES;
				CLANG_ANALYZER_NUMBER_OBJECT_CONVERSION = YES_AGGRESSIVE;
				CLANG_CXX_LANGUAGE_STANDARD = "gnu++14";
				CLANG_CXX_LIBRARY = "libc++";
				CLANG_ENABLE_MODULES = YES;
				CLANG_ENABLE_OBJC_ARC = YES;
				CLANG_ENABLE_OBJC_WEAK = YES;
				CLANG_WARN_BLOCK_CAPTURE_AUTORELEASING = YES;
				CLANG_WARN_BOOL_CONVERSION = YES;
				CLANG_WARN_COMMA = YES;
				CLANG_WARN_CONSTANT_CONVERSION = YES;
				CLANG_WARN_DEPRECATED_OBJC_IMPLEMENTATIONS = YES;
				CLANG_WARN_DIRECT_OBJC_ISA_USAGE = YES_ERROR;
				CLANG_WARN_DOCUMENTATION_COMMENTS = YES;
				CLANG_WARN_EMPTY_BODY = YES;
				CLANG_WARN_ENUM_CONVERSION = YES;
				CLANG_WARN_INFINITE_RECURSION = YES;
				CLANG_WARN_INT_CONVERSION = YES;
				CLANG_WARN_NON_LITERAL_NULL_CONVERSION = YES;
				CLANG_WARN_OBJC_IMPLICIT_RETAIN_SELF = YES;
				CLANG_WARN_OBJC_LITERAL_CONVERSION = YES;
				CLANG_WARN_OBJC_ROOT_CLASS = YES_ERROR;
				CLANG_WARN_RANGE_LOOP_ANALYSIS = YES;
				CLANG_WARN_STRICT_PROTOTYPES = YES;
				CLANG_WARN_SUSPICIOUS_MOVE = YES;
				CLANG_WARN_UNGUARDED_AVAILABILITY = YES_AGGRESSIVE;
				CLANG_WARN_UNREACHABLE_CODE = YES;
				CLANG_WARN__DUPLICATE_METHOD_MATCH = YES;
				CODE_SIGN_IDENTITY = "iPhone Developer";
				COPY_PHASE_STRIP = NO;
				DEBUG_INFORMATION_FORMAT = "dwarf-with-dsym";
				ENABLE_NS_ASSERTIONS = NO;
				ENABLE_STRICT_OBJC_MSGSEND = YES;
				GCC_C_LANGUAGE_STANDARD = gnu11;
				GCC_NO_COMMON_BLOCKS = YES;
				GCC_WARN_64_TO_32_BIT_CONVERSION = YES;
				GCC_WARN_ABOUT_RETURN_TYPE = YES_ERROR;
				GCC_WARN_UNDECLARED_SELECTOR = YES;
				GCC_WARN_UNINITIALIZED_AUTOS = YES_AGGRESSIVE;
				GCC_WARN_UNUSED_FUNCTION = YES;
				GCC_WARN_UNUSED_VARIABLE = YES;
				IPHONEOS_DEPLOYMENT_TARGET = 12.1;
				MTL_ENABLE_DEBUG_INFO = NO;
				MTL_FAST_MATH = YES;
				SDKROOT = iphoneos;
				SWIFT_COMPILATION_MODE = wholemodule;
				SWIFT_OPTIMIZATION_LEVEL = "-O";
				VALIDATE_PRODUCT = YES;
			};
			name = Release;
		};
		61ABC6EF226D50E100E572BE /* Debug */ = {
			isa = XCBuildConfiguration;
			buildSettings = {
				ASSETCATALOG_COMPILER_APPICON_NAME = AppIcon;
				CODE_SIGN_STYLE = Automatic;
				INFOPLIST_FILE = UITestDemo/Info.plist;
				LD_RUNPATH_SEARCH_PATHS = (
					"$(inherited)",
					"@executable_path/Frameworks",
				);
				PRODUCT_BUNDLE_IDENTIFIER = shin.UITestDemo;
				PRODUCT_NAME = "$(TARGET_NAME)";
				SWIFT_VERSION = 4.2;
				TARGETED_DEVICE_FAMILY = "1,2";
			};
			name = Debug;
		};
		61ABC6F0226D50E100E572BE /* Release */ = {
			isa = XCBuildConfiguration;
			buildSettings = {
				ASSETCATALOG_COMPILER_APPICON_NAME = AppIcon;
				CODE_SIGN_STYLE = Automatic;
				INFOPLIST_FILE = UITestDemo/Info.plist;
				LD_RUNPATH_SEARCH_PATHS = (
					"$(inherited)",
					"@executable_path/Frameworks",
				);
				PRODUCT_BUNDLE_IDENTIFIER = shin.UITestDemo;
				PRODUCT_NAME = "$(TARGET_NAME)";
				SWIFT_VERSION = 4.2;
				TARGETED_DEVICE_FAMILY = "1,2";
			};
			name = Release;
		};
		61ABC6F2226D50E100E572BE /* Debug */ = {
			isa = XCBuildConfiguration;
			buildSettings = {
				ALWAYS_EMBED_SWIFT_STANDARD_LIBRARIES = YES;
				CODE_SIGN_STYLE = Automatic;
				INFOPLIST_FILE = UITestDemoUITests/Info.plist;
				LD_RUNPATH_SEARCH_PATHS = (
					"$(inherited)",
					"@executable_path/Frameworks",
					"@loader_path/Frameworks",
				);
				PRODUCT_BUNDLE_IDENTIFIER = shin.UITestDemoUITests;
				PRODUCT_NAME = "$(TARGET_NAME)";
				SWIFT_VERSION = 4.2;
				TARGETED_DEVICE_FAMILY = "1,2";
				TEST_TARGET_NAME = UITestDemo;
			};
			name = Debug;
		};
		61ABC6F3226D50E100E572BE /* Release */ = {
			isa = XCBuildConfiguration;
			buildSettings = {
				ALWAYS_EMBED_SWIFT_STANDARD_LIBRARIES = YES;
				CODE_SIGN_STYLE = Automatic;
				INFOPLIST_FILE = UITestDemoUITests/Info.plist;
				LD_RUNPATH_SEARCH_PATHS = (
					"$(inherited)",
					"@executable_path/Frameworks",
					"@loader_path/Frameworks",
				);
				PRODUCT_BUNDLE_IDENTIFIER = shin.UITestDemoUITests;
				PRODUCT_NAME = "$(TARGET_NAME)";
				SWIFT_VERSION = 4.2;
				TARGETED_DEVICE_FAMILY = "1,2";
				TEST_TARGET_NAME = UITestDemo;
			};
			name = Release;
		};
/* End XCBuildConfiguration section */

/* Begin XCConfigurationList section */
		61ABC6CC226D50DE00E572BE /* Build configuration list for PBXProject "UITestDemo" */ = {
			isa = XCConfigurationList;
			buildConfigurations = (
				61ABC6EC226D50E100E572BE /* Debug */,
				61ABC6ED226D50E100E572BE /* Release */,
			);
			defaultConfigurationIsVisible = 0;
			defaultConfigurationName = Release;
		};
		61ABC6EE226D50E100E572BE /* Build configuration list for PBXNativeTarget "UITestDemo" */ = {
			isa = XCConfigurationList;
			buildConfigurations = (
				61ABC6EF226D50E100E572BE /* Debug */,
				61ABC6F0226D50E100E572BE /* Release */,
			);
			defaultConfigurationIsVisible = 0;
			defaultConfigurationName = Release;
		};
		61ABC6F1226D50E100E572BE /* Build configuration list for PBXNativeTarget "UITestDemoUITests" */ = {
			isa = XCConfigurationList;
			buildConfigurations = (
				61ABC6F2226D50E100E572BE /* Debug */,
				61ABC6F3226D50E100E572BE /* Release */,
			);
			defaultConfigurationIsVisible = 0;
			defaultConfigurationName = Release;
		};
/* End XCConfigurationList section */
	};
	rootObject = 61ABC6C9226D50DE00E572BE /* Project object */;
}
